
Microsoft Visual Studio Solution File, Format Version 12.00
# Visual Studio Version 17
VisualStudioVersion = 17.9.34622.214
MinimumVisualStudioVersion = 10.0.40219.1
Project("{9A19103F-16F7-4668-BE54-9A1E7A4F7556}") = "Presentation", "Eficaz-WebApi\Presentation.csproj", "{96F2C71D-439C-4B9E-B3EA-EC45CFAF124D}"
EndProject
Project("{9A19103F-16F7-4668-BE54-9A1E7A4F7556}") = "Core", "Core\Core.csproj", "{28FB1C8E-01E3-4426-8072-FA90AB973DB9}"
EndProject
Project("{9A19103F-16F7-4668-BE54-9A1E7A4F7556}") = "Application", "Application\Application.csproj", "{4703A7FA-E1B0-4060-B819-D2335A3D5A24}"
EndProject
Project("{9A19103F-16F7-4668-BE54-9A1E7A4F7556}") = "Infrastructure", "Infrastructure\Infrastructure.csproj", "{D6A4FF66-DE22-4B61-B59D-B675B533CBBF}"
EndProject
Global
	GlobalSection(SolutionConfigurationPlatforms) = preSolution
		Debug|Any CPU = Debug|Any CPU
		Release|Any CPU = Release|Any CPU
	EndGlobalSection
	GlobalSection(ProjectConfigurationPlatforms) = postSolution
		{96F2C71D-439C-4B9E-B3EA-EC45CFAF124D}.Debug|Any CPU.ActiveCfg = Debug|Any CPU
		{96F2C71D-439C-4B9E-B3EA-EC45CFAF124D}.Debug|Any CPU.Build.0 = Debug|Any CPU
		{96F2C71D-439C-4B9E-B3EA-EC45CFAF124D}.Release|Any CPU.ActiveCfg = Release|Any CPU
		{96F2C71D-439C-4B9E-B3EA-EC45CFAF124D}.Release|Any CPU.Build.0 = Release|Any CPU
		{28FB1C8E-01E3-4426-8072-FA90AB973DB9}.Debug|Any CPU.ActiveCfg = Debug|Any CPU
		{28FB1C8E-01E3-4426-8072-FA90AB973DB9}.Debug|Any CPU.Build.0 = Debug|Any CPU
		{28FB1C8E-01E3-4426-8072-FA90AB973DB9}.Release|Any CPU.ActiveCfg = Release|Any CPU
		{28FB1C8E-01E3-4426-8072-FA90AB973DB9}.Release|Any CPU.Build.0 = Release|Any CPU
		{4703A7FA-E1B0-4060-B819-D2335A3D5A24}.Debug|Any CPU.ActiveCfg = Debug|Any CPU
		{4703A7FA-E1B0-4060-B819-D2335A3D5A24}.Debug|Any CPU.Build.0 = Debug|Any CPU
		{4703A7FA-E1B0-4060-B819-D2335A3D5A24}.Release|Any CPU.ActiveCfg = Release|Any CPU
		{4703A7FA-E1B0-4060-B819-D2335A3D5A24}.Release|Any CPU.Build.0 = Release|Any CPU
		{D6A4FF66-DE22-4B61-B59D-B675B533CBBF}.Debug|Any CPU.ActiveCfg = Debug|Any CPU
		{D6A4FF66-DE22-4B61-B59D-B675B533CBBF}.Debug|Any CPU.Build.0 = Debug|Any CPU
		{D6A4FF66-DE22-4B61-B59D-B675B533CBBF}.Release|Any CPU.ActiveCfg = Release|Any CPU
		{D6A4FF66-DE22-4B61-B59D-B675B533CBBF}.Release|Any CPU.Build.0 = Release|Any CPU
	EndGlobalSection
	GlobalSection(SolutionProperties) = preSolution
		HideSolutionNode = FALSE
	EndGlobalSection
	GlobalSection(ExtensibilityGlobals) = postSolution
		SolutionGuid = {004BA8E8-BBB8-4A16-B245-D0787C2DE683}
	EndGlobalSection
EndGlobal
